
Microsoft Visual Studio Solution File, Format Version 12.00
# Visual Studio 2012
Project("{FAE04EC0-301F-11D3-BF4B-00C04F79EFBC}") = "JobBrowser", "JobBrowser\JobBrowser.csproj", "{EDDD2E0B-A52B-4E25-9436-B874017673FF}"
EndProject
Project("{FAE04EC0-301F-11D3-BF4B-00C04F79EFBC}") = "Tools", "Tools\Tools.csproj", "{20B91AAF-AAD4-47DF-9F1D-494DE6E066F9}"
EndProject
Project("{FAE04EC0-301F-11D3-BF4B-00C04F79EFBC}") = "JobObjectModel", "JOM\JobObjectModel.csproj", "{77739535-7FAC-4487-887F-FEBA197E7572}"
EndProject
Project("{FAE04EC0-301F-11D3-BF4B-00C04F79EFBC}") = "UsefulForms", "UsefulForms\UsefulForms.csproj", "{27635A68-ADFC-4192-9262-B4E6ECDDCE09}"
EndProject
Global
	GlobalSection(SolutionConfigurationPlatforms) = preSolution
		Debug|x64 = Debug|x64
		Release|x64 = Release|x64
	EndGlobalSection
	GlobalSection(ProjectConfigurationPlatforms) = postSolution
		{EDDD2E0B-A52B-4E25-9436-B874017673FF}.Debug|x64.ActiveCfg = Debug|x64
		{EDDD2E0B-A52B-4E25-9436-B874017673FF}.Debug|x64.Build.0 = Debug|x64
		{EDDD2E0B-A52B-4E25-9436-B874017673FF}.Release|x64.ActiveCfg = Release|x64
		{EDDD2E0B-A52B-4E25-9436-B874017673FF}.Release|x64.Build.0 = Release|x64
		{20B91AAF-AAD4-47DF-9F1D-494DE6E066F9}.Debug|x64.ActiveCfg = Debug|x64
		{20B91AAF-AAD4-47DF-9F1D-494DE6E066F9}.Debug|x64.Build.0 = Debug|x64
		{20B91AAF-AAD4-47DF-9F1D-494DE6E066F9}.Release|x64.ActiveCfg = Release|x64
		{20B91AAF-AAD4-47DF-9F1D-494DE6E066F9}.Release|x64.Build.0 = Release|x64
		{77739535-7FAC-4487-887F-FEBA197E7572}.Debug|x64.ActiveCfg = Debug|x64
		{77739535-7FAC-4487-887F-FEBA197E7572}.Debug|x64.Build.0 = Debug|x64
		{77739535-7FAC-4487-887F-FEBA197E7572}.Release|x64.ActiveCfg = Release|x64
		{77739535-7FAC-4487-887F-FEBA197E7572}.Release|x64.Build.0 = Release|x64
		{27635A68-ADFC-4192-9262-B4E6ECDDCE09}.Debug|x64.ActiveCfg = Debug|x64
		{27635A68-ADFC-4192-9262-B4E6ECDDCE09}.Debug|x64.Build.0 = Debug|x64
		{27635A68-ADFC-4192-9262-B4E6ECDDCE09}.Release|x64.ActiveCfg = Release|x64
		{27635A68-ADFC-4192-9262-B4E6ECDDCE09}.Release|x64.Build.0 = Release|x64
	EndGlobalSection
	GlobalSection(SolutionProperties) = preSolution
		HideSolutionNode = FALSE
	EndGlobalSection
EndGlobal
